
Microsoft Visual Studio Solution File, Format Version 12.00
# Visual Studio Version 16
VisualStudioVersion = 16.0.31624.102
MinimumVisualStudioVersion = 10.0.40219.1
Project("{FAE04EC0-301F-11D3-BF4B-00C04F79EFBC}") = "SelectionExcercise", "SelectionExcercise\SelectionExcercise.csproj", "{57394C99-FC90-4E01-9FB5-BC757DA07B8A}"
EndProject
Global
	GlobalSection(SolutionConfigurationPlatforms) = preSolution
		Debug|Any CPU = Debug|Any CPU
		Release|Any CPU = Release|Any CPU
	EndGlobalSection
	GlobalSection(ProjectConfigurationPlatforms) = postSolution
		{57394C99-FC90-4E01-9FB5-BC757DA07B8A}.Debug|Any CPU.ActiveCfg = Debug|Any CPU
		{57394C99-FC90-4E01-9FB5-BC757DA07B8A}.Debug|Any CPU.Build.0 = Debug|Any CPU
		{57394C99-FC90-4E01-9FB5-BC757DA07B8A}.Release|Any CPU.ActiveCfg = Release|Any CPU
		{57394C99-FC90-4E01-9FB5-BC757DA07B8A}.Release|Any CPU.Build.0 = Release|Any CPU
	EndGlobalSection
	GlobalSection(SolutionProperties) = preSolution
		HideSolutionNode = FALSE
	EndGlobalSection
	GlobalSection(ExtensibilityGlobals) = postSolution
		SolutionGuid = {2823695A-B21B-4225-8187-93C6E506A3F3}
	EndGlobalSection
EndGlobal
